// !$*UTF8*$!
{
	archiveVersion = 1;
	classes = {
	};
	objectVersion = 56;
	objects = {

/* Begin PBXBuildFile section */
		08CB9E4D2A55AC04009643FD /* AppDelegate.swift in Sources */ = {isa = PBXBuildFile; fileRef = 08CB9E4C2A55AC04009643FD /* AppDelegate.swift */; };
		08CB9E4F2A55AC04009643FD /* SceneDelegate.swift in Sources */ = {isa = PBXBuildFile; fileRef = 08CB9E4E2A55AC04009643FD /* SceneDelegate.swift */; };
		08CB9E512A55AC04009643FD /* ViewController.swift in Sources */ = {isa = PBXBuildFile; fileRef = 08CB9E502A55AC04009643FD /* ViewController.swift */; };
		08CB9E542A55AC04009643FD /* Main.storyboard in Resources */ = {isa = PBXBuildFile; fileRef = 08CB9E522A55AC04009643FD /* Main.storyboard */; };
		08CB9E572A55AC04009643FD /* USBaseDataSource.xcdatamodeld in Sources */ = {isa = PBXBuildFile; fileRef = 08CB9E552A55AC04009643FD /* USBaseDataSource.xcdatamodeld */; };
		08CB9E592A55AC07009643FD /* Assets.xcassets in Resources */ = {isa = PBXBuildFile; fileRef = 08CB9E582A55AC07009643FD /* Assets.xcassets */; };
		08CB9E5C2A55AC07009643FD /* LaunchScreen.storyboard in Resources */ = {isa = PBXBuildFile; fileRef = 08CB9E5A2A55AC07009643FD /* LaunchScreen.storyboard */; };
		08CB9E672A55AC08009643FD /* USBaseDataSourceTests.swift in Sources */ = {isa = PBXBuildFile; fileRef = 08CB9E662A55AC08009643FD /* USBaseDataSourceTests.swift */; };
		08CB9E712A55AC08009643FD /* USBaseDataSourceUITests.swift in Sources */ = {isa = PBXBuildFile; fileRef = 08CB9E702A55AC08009643FD /* USBaseDataSourceUITests.swift */; };
		08CB9E732A55AC08009643FD /* USBaseDataSourceUITestsLaunchTests.swift in Sources */ = {isa = PBXBuildFile; fileRef = 08CB9E722A55AC08009643FD /* USBaseDataSourceUITestsLaunchTests.swift */; };
		08CB9E802A55AC96009643FD /* USBaseDataSource.swift in Sources */ = {isa = PBXBuildFile; fileRef = 08CB9E7F2A55AC96009643FD /* USBaseDataSource.swift */; };
		08CB9E822A55AD13009643FD /* USBaseCollectionReusableView.swift in Sources */ = {isa = PBXBuildFile; fileRef = 08CB9E812A55AD13009643FD /* USBaseCollectionReusableView.swift */; };
		08CB9E842A55AD49009643FD /* USSectionedDataSource.swift in Sources */ = {isa = PBXBuildFile; fileRef = 08CB9E832A55AD49009643FD /* USSectionedDataSource.swift */; };
		08CB9E862A55AD5A009643FD /* USDataSourceItemAccess.swift in Sources */ = {isa = PBXBuildFile; fileRef = 08CB9E852A55AD5A009643FD /* USDataSourceItemAccess.swift */; };
		08CB9E882A55AD68009643FD /* USResultsFilter.swift in Sources */ = {isa = PBXBuildFile; fileRef = 08CB9E872A55AD68009643FD /* USResultsFilter.swift */; };
		08CB9E8C2A55AD8E009643FD /* USBaseHeaderFooterView.swift in Sources */ = {isa = PBXBuildFile; fileRef = 08CB9E8B2A55AD8E009643FD /* USBaseHeaderFooterView.swift */; };
		08CB9E8E2A55ADA1009643FD /* USBaseCollectionCell.swift in Sources */ = {isa = PBXBuildFile; fileRef = 08CB9E8D2A55ADA1009643FD /* USBaseCollectionCell.swift */; };
		08CB9E902A55ADB0009643FD /* USSection.swift in Sources */ = {isa = PBXBuildFile; fileRef = 08CB9E8F2A55ADB0009643FD /* USSection.swift */; };
		08CB9E922A55ADBE009643FD /* USExpandingDataSource.swift in Sources */ = {isa = PBXBuildFile; fileRef = 08CB9E912A55ADBE009643FD /* USExpandingDataSource.swift */; };
		08CB9E942A55ADCE009643FD /* USArrayDataSource.swift in Sources */ = {isa = PBXBuildFile; fileRef = 08CB9E932A55ADCE009643FD /* USArrayDataSource.swift */; };
		08CB9E962A55AE03009643FD /* USBaseTableCell.swift in Sources */ = {isa = PBXBuildFile; fileRef = 08CB9E952A55AE03009643FD /* USBaseTableCell.swift */; };
		08CB9E982A55AE16009643FD /* USCoreDataSource.swift in Sources */ = {isa = PBXBuildFile; fileRef = 08CB9E972A55AE16009643FD /* USCoreDataSource.swift */; };
/* End PBXBuildFile section */

/* Begin PBXContainerItemProxy section */
		08CB9E632A55AC08009643FD /* PBXContainerItemProxy */ = {
			isa = PBXContainerItemProxy;
			containerPortal = 08CB9E412A55AC04009643FD /* Project object */;
			proxyType = 1;
			remoteGlobalIDString = 08CB9E482A55AC04009643FD;
			remoteInfo = USBaseDataSource;
		};
		08CB9E6D2A55AC08009643FD /* PBXContainerItemProxy */ = {
			isa = PBXContainerItemProxy;
			containerPortal = 08CB9E412A55AC04009643FD /* Project object */;
			proxyType = 1;
			remoteGlobalIDString = 08CB9E482A55AC04009643FD;
			remoteInfo = USBaseDataSource;
		};
/* End PBXContainerItemProxy section */

/* Begin PBXFileReference section */
		08CB9E492A55AC04009643FD /* USBaseDataSource.app */ = {isa = PBXFileReference; explicitFileType = wrapper.application; includeInIndex = 0; path = USBaseDataSource.app; sourceTree = BUILT_PRODUCTS_DIR; };
		08CB9E4C2A55AC04009643FD /* AppDelegate.swift */ = {isa = PBXFileReference; lastKnownFileType = sourcecode.swift; path = AppDelegate.swift; sourceTree = "<group>"; };
		08CB9E4E2A55AC04009643FD /* SceneDelegate.swift */ = {isa = PBXFileReference; lastKnownFileType = sourcecode.swift; path = SceneDelegate.swift; sourceTree = "<group>"; };
		08CB9E502A55AC04009643FD /* ViewController.swift */ = {isa = PBXFileReference; lastKnownFileType = sourcecode.swift; path = ViewController.swift; sourceTree = "<group>"; };
		08CB9E532A55AC04009643FD /* Base */ = {isa = PBXFileReference; lastKnownFileType = file.storyboard; name = Base; path = Base.lproj/Main.storyboard; sourceTree = "<group>"; };
		08CB9E562A55AC04009643FD /* USBaseDataSource.xcdatamodel */ = {isa = PBXFileReference; lastKnownFileType = wrapper.xcdatamodel; path = USBaseDataSource.xcdatamodel; sourceTree = "<group>"; };
		08CB9E582A55AC07009643FD /* Assets.xcassets */ = {isa = PBXFileReference; lastKnownFileType = folder.assetcatalog; path = Assets.xcassets; sourceTree = "<group>"; };
		08CB9E5B2A55AC07009643FD /* Base */ = {isa = PBXFileReference; lastKnownFileType = file.storyboard; name = Base; path = Base.lproj/LaunchScreen.storyboard; sourceTree = "<group>"; };
		08CB9E5D2A55AC07009643FD /* Info.plist */ = {isa = PBXFileReference; lastKnownFileType = text.plist.xml; path = Info.plist; sourceTree = "<group>"; };
		08CB9E622A55AC08009643FD /* USBaseDataSourceTests.xctest */ = {isa = PBXFileReference; explicitFileType = wrapper.cfbundle; includeInIndex = 0; path = USBaseDataSourceTests.xctest; sourceTree = BUILT_PRODUCTS_DIR; };
		08CB9E662A55AC08009643FD /* USBaseDataSourceTests.swift */ = {isa = PBXFileReference; lastKnownFileType = sourcecode.swift; path = USBaseDataSourceTests.swift; sourceTree = "<group>"; };
		08CB9E6C2A55AC08009643FD /* USBaseDataSourceUITests.xctest */ = {isa = PBXFileReference; explicitFileType = wrapper.cfbundle; includeInIndex = 0; path = USBaseDataSourceUITests.xctest; sourceTree = BUILT_PRODUCTS_DIR; };
		08CB9E702A55AC08009643FD /* USBaseDataSourceUITests.swift */ = {isa = PBXFileReference; lastKnownFileType = sourcecode.swift; path = USBaseDataSourceUITests.swift; sourceTree = "<group>"; };
		08CB9E722A55AC08009643FD /* USBaseDataSourceUITestsLaunchTests.swift */ = {isa = PBXFileReference; lastKnownFileType = sourcecode.swift; path = USBaseDataSourceUITestsLaunchTests.swift; sourceTree = "<group>"; };
		08CB9E7F2A55AC96009643FD /* USBaseDataSource.swift */ = {isa = PBXFileReference; lastKnownFileType = sourcecode.swift; path = USBaseDataSource.swift; sourceTree = "<group>"; };
		08CB9E812A55AD13009643FD /* USBaseCollectionReusableView.swift */ = {isa = PBXFileReference; lastKnownFileType = sourcecode.swift; path = USBaseCollectionReusableView.swift; sourceTree = "<group>"; };
		08CB9E832A55AD49009643FD /* USSectionedDataSource.swift */ = {isa = PBXFileReference; lastKnownFileType = sourcecode.swift; path = USSectionedDataSource.swift; sourceTree = "<group>"; };
		08CB9E852A55AD5A009643FD /* USDataSourceItemAccess.swift */ = {isa = PBXFileReference; lastKnownFileType = sourcecode.swift; path = USDataSourceItemAccess.swift; sourceTree = "<group>"; };
		08CB9E872A55AD68009643FD /* USResultsFilter.swift */ = {isa = PBXFileReference; lastKnownFileType = sourcecode.swift; path = USResultsFilter.swift; sourceTree = "<group>"; };
		08CB9E8B2A55AD8E009643FD /* USBaseHeaderFooterView.swift */ = {isa = PBXFileReference; lastKnownFileType = sourcecode.swift; path = USBaseHeaderFooterView.swift; sourceTree = "<group>"; };
		08CB9E8D2A55ADA1009643FD /* USBaseCollectionCell.swift */ = {isa = PBXFileReference; lastKnownFileType = sourcecode.swift; path = USBaseCollectionCell.swift; sourceTree = "<group>"; };
		08CB9E8F2A55ADB0009643FD /* USSection.swift */ = {isa = PBXFileReference; lastKnownFileType = sourcecode.swift; path = USSection.swift; sourceTree = "<group>"; };
		08CB9E912A55ADBE009643FD /* USExpandingDataSource.swift */ = {isa = PBXFileReference; lastKnownFileType = sourcecode.swift; path = USExpandingDataSource.swift; sourceTree = "<group>"; };
		08CB9E932A55ADCE009643FD /* USArrayDataSource.swift */ = {isa = PBXFileReference; lastKnownFileType = sourcecode.swift; path = USArrayDataSource.swift; sourceTree = "<group>"; };
		08CB9E952A55AE03009643FD /* USBaseTableCell.swift */ = {isa = PBXFileReference; lastKnownFileType = sourcecode.swift; path = USBaseTableCell.swift; sourceTree = "<group>"; };
		08CB9E972A55AE16009643FD /* USCoreDataSource.swift */ = {isa = PBXFileReference; lastKnownFileType = sourcecode.swift; path = USCoreDataSource.swift; sourceTree = "<group>"; };
/* End PBXFileReference section */

/* Begin PBXFrameworksBuildPhase section */
		08CB9E462A55AC04009643FD /* Frameworks */ = {
			isa = PBXFrameworksBuildPhase;
			buildActionMask = 2147483647;
			files = (
			);
			runOnlyForDeploymentPostprocessing = 0;
		};
		08CB9E5F2A55AC08009643FD /* Frameworks */ = {
			isa = PBXFrameworksBuildPhase;
			buildActionMask = 2147483647;
			files = (
			);
			runOnlyForDeploymentPostprocessing = 0;
		};
		08CB9E692A55AC08009643FD /* Frameworks */ = {
			isa = PBXFrameworksBuildPhase;
			buildActionMask = 2147483647;
			files = (
			);
			runOnlyForDeploymentPostprocessing = 0;
		};
/* End PBXFrameworksBuildPhase section */

/* Begin PBXGroup section */
		08CB9E402A55AC04009643FD = {
			isa = PBXGroup;
			children = (
				08CB9E4B2A55AC04009643FD /* USBaseDataSource */,
				08CB9E652A55AC08009643FD /* USBaseDataSourceTests */,
				08CB9E6F2A55AC08009643FD /* USBaseDataSourceUITests */,
				08CB9E4A2A55AC04009643FD /* Products */,
			);
			sourceTree = "<group>";
		};
		08CB9E4A2A55AC04009643FD /* Products */ = {
			isa = PBXGroup;
			children = (
				08CB9E492A55AC04009643FD /* USBaseDataSource.app */,
				08CB9E622A55AC08009643FD /* USBaseDataSourceTests.xctest */,
				08CB9E6C2A55AC08009643FD /* USBaseDataSourceUITests.xctest */,
			);
			name = Products;
			sourceTree = "<group>";
		};
		08CB9E4B2A55AC04009643FD /* USBaseDataSource */ = {
			isa = PBXGroup;
			children = (
				08CB9E4C2A55AC04009643FD /* AppDelegate.swift */,
				08CB9E4E2A55AC04009643FD /* SceneDelegate.swift */,
				08CB9E502A55AC04009643FD /* ViewController.swift */,
				08CB9E522A55AC04009643FD /* Main.storyboard */,
				08CB9E582A55AC07009643FD /* Assets.xcassets */,
				08CB9E5A2A55AC07009643FD /* LaunchScreen.storyboard */,
				08CB9E5D2A55AC07009643FD /* Info.plist */,
				08CB9E552A55AC04009643FD /* USBaseDataSource.xcdatamodeld */,
				08CB9E7F2A55AC96009643FD /* USBaseDataSource.swift */,
				08CB9E812A55AD13009643FD /* USBaseCollectionReusableView.swift */,
				08CB9E832A55AD49009643FD /* USSectionedDataSource.swift */,
				08CB9E852A55AD5A009643FD /* USDataSourceItemAccess.swift */,
				08CB9E872A55AD68009643FD /* USResultsFilter.swift */,
				08CB9E8B2A55AD8E009643FD /* USBaseHeaderFooterView.swift */,
				08CB9E8D2A55ADA1009643FD /* USBaseCollectionCell.swift */,
				08CB9E8F2A55ADB0009643FD /* USSection.swift */,
				08CB9E912A55ADBE009643FD /* USExpandingDataSource.swift */,
				08CB9E932A55ADCE009643FD /* USArrayDataSource.swift */,
				08CB9E952A55AE03009643FD /* USBaseTableCell.swift */,
				08CB9E972A55AE16009643FD /* USCoreDataSource.swift */,
			);
			path = USBaseDataSource;
			sourceTree = "<group>";
		};
		08CB9E652A55AC08009643FD /* USBaseDataSourceTests */ = {
			isa = PBXGroup;
			children = (
				08CB9E662A55AC08009643FD /* USBaseDataSourceTests.swift */,
			);
			path = USBaseDataSourceTests;
			sourceTree = "<group>";
		};
		08CB9E6F2A55AC08009643FD /* USBaseDataSourceUITests */ = {
			isa = PBXGroup;
			children = (
				08CB9E702A55AC08009643FD /* USBaseDataSourceUITests.swift */,
				08CB9E722A55AC08009643FD /* USBaseDataSourceUITestsLaunchTests.swift */,
			);
			path = USBaseDataSourceUITests;
			sourceTree = "<group>";
		};
/* End PBXGroup section */

/* Begin PBXNativeTarget section */
		08CB9E482A55AC04009643FD /* USBaseDataSource */ = {
			isa = PBXNativeTarget;
			buildConfigurationList = 08CB9E762A55AC08009643FD /* Build configuration list for PBXNativeTarget "USBaseDataSource" */;
			buildPhases = (
				08CB9E452A55AC04009643FD /* Sources */,
				08CB9E462A55AC04009643FD /* Frameworks */,
				08CB9E472A55AC04009643FD /* Resources */,
			);
			buildRules = (
			);
			dependencies = (
			);
			name = USBaseDataSource;
			productName = USBaseDataSource;
			productReference = 08CB9E492A55AC04009643FD /* USBaseDataSource.app */;
			productType = "com.apple.product-type.application";
		};
		08CB9E612A55AC08009643FD /* USBaseDataSourceTests */ = {
			isa = PBXNativeTarget;
			buildConfigurationList = 08CB9E792A55AC08009643FD /* Build configuration list for PBXNativeTarget "USBaseDataSourceTests" */;
			buildPhases = (
				08CB9E5E2A55AC08009643FD /* Sources */,
				08CB9E5F2A55AC08009643FD /* Frameworks */,
				08CB9E602A55AC08009643FD /* Resources */,
			);
			buildRules = (
			);
			dependencies = (
				08CB9E642A55AC08009643FD /* PBXTargetDependency */,
			);
			name = USBaseDataSourceTests;
			productName = USBaseDataSourceTests;
			productReference = 08CB9E622A55AC08009643FD /* USBaseDataSourceTests.xctest */;
			productType = "com.apple.product-type.bundle.unit-test";
		};
		08CB9E6B2A55AC08009643FD /* USBaseDataSourceUITests */ = {
			isa = PBXNativeTarget;
			buildConfigurationList = 08CB9E7C2A55AC08009643FD /* Build configuration list for PBXNativeTarget "USBaseDataSourceUITests" */;
			buildPhases = (
				08CB9E682A55AC08009643FD /* Sources */,
				08CB9E692A55AC08009643FD /* Frameworks */,
				08CB9E6A2A55AC08009643FD /* Resources */,
			);
			buildRules = (
			);
			dependencies = (
				08CB9E6E2A55AC08009643FD /* PBXTargetDependency */,
			);
			name = USBaseDataSourceUITests;
			productName = USBaseDataSourceUITests;
			productReference = 08CB9E6C2A55AC08009643FD /* USBaseDataSourceUITests.xctest */;
			productType = "com.apple.product-type.bundle.ui-testing";
		};
/* End PBXNativeTarget section */

/* Begin PBXProject section */
		08CB9E412A55AC04009643FD /* Project object */ = {
			isa = PBXProject;
			attributes = {
				BuildIndependentTargetsInParallel = 1;
				LastSwiftUpdateCheck = 1410;
				LastUpgradeCheck = 1410;
				TargetAttributes = {
					08CB9E482A55AC04009643FD = {
						CreatedOnToolsVersion = 14.1;
					};
					08CB9E612A55AC08009643FD = {
						CreatedOnToolsVersion = 14.1;
						TestTargetID = 08CB9E482A55AC04009643FD;
					};
					08CB9E6B2A55AC08009643FD = {
						CreatedOnToolsVersion = 14.1;
						TestTargetID = 08CB9E482A55AC04009643FD;
					};
				};
			};
			buildConfigurationList = 08CB9E442A55AC04009643FD /* Build configuration list for PBXProject "USBaseDataSource" */;
			compatibilityVersion = "Xcode 14.0";
			developmentRegion = en;
			hasScannedForEncodings = 0;
			knownRegions = (
				en,
				Base,
			);
			mainGroup = 08CB9E402A55AC04009643FD;
			productRefGroup = 08CB9E4A2A55AC04009643FD /* Products */;
			projectDirPath = "";
			projectRoot = "";
			targets = (
				08CB9E482A55AC04009643FD /* USBaseDataSource */,
				08CB9E612A55AC08009643FD /* USBaseDataSourceTests */,
				08CB9E6B2A55AC08009643FD /* USBaseDataSourceUITests */,
			);
		};
/* End PBXProject section */

/* Begin PBXResourcesBuildPhase section */
		08CB9E472A55AC04009643FD /* Resources */ = {
			isa = PBXResourcesBuildPhase;
			buildActionMask = 2147483647;
			files = (
				08CB9E5C2A55AC07009643FD /* LaunchScreen.storyboard in Resources */,
				08CB9E592A55AC07009643FD /* Assets.xcassets in Resources */,
				08CB9E542A55AC04009643FD /* Main.storyboard in Resources */,
			);
			runOnlyForDeploymentPostprocessing = 0;
		};
		08CB9E602A55AC08009643FD /* Resources */ = {
			isa = PBXResourcesBuildPhase;
			buildActionMask = 2147483647;
			files = (
			);
			runOnlyForDeploymentPostprocessing = 0;
		};
		08CB9E6A2A55AC08009643FD /* Resources */ = {
			isa = PBXResourcesBuildPhase;
			buildActionMask = 2147483647;
			files = (
			);
			runOnlyForDeploymentPostprocessing = 0;
		};
/* End PBXResourcesBuildPhase section */

/* Begin PBXSourcesBuildPhase section */
		08CB9E452A55AC04009643FD /* Sources */ = {
			isa = PBXSourcesBuildPhase;
			buildActionMask = 2147483647;
			files = (
				08CB9E8E2A55ADA1009643FD /* USBaseCollectionCell.swift in Sources */,
				08CB9E822A55AD13009643FD /* USBaseCollectionReusableView.swift in Sources */,
				08CB9E512A55AC04009643FD /* ViewController.swift in Sources */,
				08CB9E842A55AD49009643FD /* USSectionedDataSource.swift in Sources */,
				08CB9E922A55ADBE009643FD /* USExpandingDataSource.swift in Sources */,
				08CB9E862A55AD5A009643FD /* USDataSourceItemAccess.swift in Sources */,
				08CB9E882A55AD68009643FD /* USResultsFilter.swift in Sources */,
				08CB9E8C2A55AD8E009643FD /* USBaseHeaderFooterView.swift in Sources */,
				08CB9E4D2A55AC04009643FD /* AppDelegate.swift in Sources */,
				08CB9E982A55AE16009643FD /* USCoreDataSource.swift in Sources */,
				08CB9E902A55ADB0009643FD /* USSection.swift in Sources */,
				08CB9E962A55AE03009643FD /* USBaseTableCell.swift in Sources */,
				08CB9E942A55ADCE009643FD /* USArrayDataSource.swift in Sources */,
				08CB9E4F2A55AC04009643FD /* SceneDelegate.swift in Sources */,
				08CB9E572A55AC04009643FD /* USBaseDataSource.xcdatamodeld in Sources */,
				08CB9E802A55AC96009643FD /* USBaseDataSource.swift in Sources */,
			);
			runOnlyForDeploymentPostprocessing = 0;
		};
		08CB9E5E2A55AC08009643FD /* Sources */ = {
			isa = PBXSourcesBuildPhase;
			buildActionMask = 2147483647;
			files = (
				08CB9E672A55AC08009643FD /* USBaseDataSourceTests.swift in Sources */,
			);
			runOnlyForDeploymentPostprocessing = 0;
		};
		08CB9E682A55AC08009643FD /* Sources */ = {
			isa = PBXSourcesBuildPhase;
			buildActionMask = 2147483647;
			files = (
				08CB9E732A55AC08009643FD /* USBaseDataSourceUITestsLaunchTests.swift in Sources */,
				08CB9E712A55AC08009643FD /* USBaseDataSourceUITests.swift in Sources */,
			);
			runOnlyForDeploymentPostprocessing = 0;
		};
/* End PBXSourcesBuildPhase section */

/* Begin PBXTargetDependency section */
		08CB9E642A55AC08009643FD /* PBXTargetDependency */ = {
			isa = PBXTargetDependency;
			target = 08CB9E482A55AC04009643FD /* USBaseDataSource */;
			targetProxy = 08CB9E632A55AC08009643FD /* PBXContainerItemProxy */;
		};
		08CB9E6E2A55AC08009643FD /* PBXTargetDependency */ = {
			isa = PBXTargetDependency;
			target = 08CB9E482A55AC04009643FD /* USBaseDataSource */;
			targetProxy = 08CB9E6D2A55AC08009643FD /* PBXContainerItemProxy */;
		};
/* End PBXTargetDependency section */

/* Begin PBXVariantGroup section */
		08CB9E522A55AC04009643FD /* Main.storyboard */ = {
			isa = PBXVariantGroup;
			children = (
				08CB9E532A55AC04009643FD /* Base */,
			);
			name = Main.storyboard;
			sourceTree = "<group>";
		};
		08CB9E5A2A55AC07009643FD /* LaunchScreen.storyboard */ = {
			isa = PBXVariantGroup;
			children = (
				08CB9E5B2A55AC07009643FD /* Base */,
			);
			name = LaunchScreen.storyboard;
			sourceTree = "<group>";
		};
/* End PBXVariantGroup section */

/* Begin XCBuildConfiguration section */
		08CB9E742A55AC08009643FD /* Debug */ = {
			isa = XCBuildConfiguration;
			buildSettings = {
				ALWAYS_SEARCH_USER_PATHS = NO;
				CLANG_ANALYZER_NONNULL = YES;
				CLANG_ANALYZER_NUMBER_OBJECT_CONVERSION = YES_AGGRESSIVE;
				CLANG_CXX_LANGUAGE_STANDARD = "gnu++20";
				CLANG_ENABLE_MODULES = YES;
				CLANG_ENABLE_OBJC_ARC = YES;
				CLANG_ENABLE_OBJC_WEAK = YES;
				CLANG_WARN_BLOCK_CAPTURE_AUTORELEASING = YES;
				CLANG_WARN_BOOL_CONVERSION = YES;
				CLANG_WARN_COMMA = YES;
				CLANG_WARN_CONSTANT_CONVERSION = YES;
				CLANG_WARN_DEPRECATED_OBJC_IMPLEMENTATIONS = YES;
				CLANG_WARN_DIRECT_OBJC_ISA_USAGE = YES_ERROR;
				CLANG_WARN_DOCUMENTATION_COMMENTS = YES;
				CLANG_WARN_EMPTY_BODY = YES;
				CLANG_WARN_ENUM_CONVERSION = YES;
				CLANG_WARN_INFINITE_RECURSION = YES;
				CLANG_WARN_INT_CONVERSION = YES;
				CLANG_WARN_NON_LITERAL_NULL_CONVERSION = YES;
				CLANG_WARN_OBJC_IMPLICIT_RETAIN_SELF = YES;
				CLANG_WARN_OBJC_LITERAL_CONVERSION = YES;
				CLANG_WARN_OBJC_ROOT_CLASS = YES_ERROR;
				CLANG_WARN_QUOTED_INCLUDE_IN_FRAMEWORK_HEADER = YES;
				CLANG_WARN_RANGE_LOOP_ANALYSIS = YES;
				CLANG_WARN_STRICT_PROTOTYPES = YES;
				CLANG_WARN_SUSPICIOUS_MOVE = YES;
				CLANG_WARN_UNGUARDED_AVAILABILITY = YES_AGGRESSIVE;
				CLANG_WARN_UNREACHABLE_CODE = YES;
				CLANG_WARN__DUPLICATE_METHOD_MATCH = YES;
				COPY_PHASE_STRIP = NO;
				DEBUG_INFORMATION_FORMAT = dwarf;
				ENABLE_STRICT_OBJC_MSGSEND = YES;
				ENABLE_TESTABILITY = YES;
				GCC_C_LANGUAGE_STANDARD = gnu11;
				GCC_DYNAMIC_NO_PIC = NO;
				GCC_NO_COMMON_BLOCKS = YES;
				GCC_OPTIMIZATION_LEVEL = 0;
				GCC_PREPROCESSOR_DEFINITIONS = (
					"DEBUG=1",
					"$(inherited)",
				);
				GCC_WARN_64_TO_32_BIT_CONVERSION = YES;
				GCC_WARN_ABOUT_RETURN_TYPE = YES_ERROR;
				GCC_WARN_UNDECLARED_SELECTOR = YES;
				GCC_WARN_UNINITIALIZED_AUTOS = YES_AGGRESSIVE;
				GCC_WARN_UNUSED_FUNCTION = YES;
				GCC_WARN_UNUSED_VARIABLE = YES;
				IPHONEOS_DEPLOYMENT_TARGET = 16.1;
				MTL_ENABLE_DEBUG_INFO = INCLUDE_SOURCE;
				MTL_FAST_MATH = YES;
				ONLY_ACTIVE_ARCH = YES;
				SDKROOT = iphoneos;
				SWIFT_ACTIVE_COMPILATION_CONDITIONS = DEBUG;
				SWIFT_OPTIMIZATION_LEVEL = "-Onone";
			};
			name = Debug;
		};
		08CB9E752A55AC08009643FD /* Release */ = {
			isa = XCBuildConfiguration;
			buildSettings = {
				ALWAYS_SEARCH_USER_PATHS = NO;
				CLANG_ANALYZER_NONNULL = YES;
				CLANG_ANALYZER_NUMBER_OBJECT_CONVERSION = YES_AGGRESSIVE;
				CLANG_CXX_LANGUAGE_STANDARD = "gnu++20";
				CLANG_ENABLE_MODULES = YES;
				CLANG_ENABLE_OBJC_ARC = YES;
				CLANG_ENABLE_OBJC_WEAK = YES;
				CLANG_WARN_BLOCK_CAPTURE_AUTORELEASING = YES;
				CLANG_WARN_BOOL_CONVERSION = YES;
				CLANG_WARN_COMMA = YES;
				CLANG_WARN_CONSTANT_CONVERSION = YES;
				CLANG_WARN_DEPRECATED_OBJC_IMPLEMENTATIONS = YES;
				CLANG_WARN_DIRECT_OBJC_ISA_USAGE = YES_ERROR;
				CLANG_WARN_DOCUMENTATION_COMMENTS = YES;
				CLANG_WARN_EMPTY_BODY = YES;
				CLANG_WARN_ENUM_CONVERSION = YES;
				CLANG_WARN_INFINITE_RECURSION = YES;
				CLANG_WARN_INT_CONVERSION = YES;
				CLANG_WARN_NON_LITERAL_NULL_CONVERSION = YES;
				CLANG_WARN_OBJC_IMPLICIT_RETAIN_SELF = YES;
				CLANG_WARN_OBJC_LITERAL_CONVERSION = YES;
				CLANG_WARN_OBJC_ROOT_CLASS = YES_ERROR;
				CLANG_WARN_QUOTED_INCLUDE_IN_FRAMEWORK_HEADER = YES;
				CLANG_WARN_RANGE_LOOP_ANALYSIS = YES;
				CLANG_WARN_STRICT_PROTOTYPES = YES;
				CLANG_WARN_SUSPICIOUS_MOVE = YES;
				CLANG_WARN_UNGUARDED_AVAILABILITY = YES_AGGRESSIVE;
				CLANG_WARN_UNREACHABLE_CODE = YES;
				CLANG_WARN__DUPLICATE_METHOD_MATCH = YES;
				COPY_PHASE_STRIP = NO;
				DEBUG_INFORMATION_FORMAT = "dwarf-with-dsym";
				ENABLE_NS_ASSERTIONS = NO;
				ENABLE_STRICT_OBJC_MSGSEND = YES;
				GCC_C_LANGUAGE_STANDARD = gnu11;
				GCC_NO_COMMON_BLOCKS = YES;
				GCC_WARN_64_TO_32_BIT_CONVERSION = YES;
				GCC_WARN_ABOUT_RETURN_TYPE = YES_ERROR;
				GCC_WARN_UNDECLARED_SELECTOR = YES;
				GCC_WARN_UNINITIALIZED_AUTOS = YES_AGGRESSIVE;
				GCC_WARN_UNUSED_FUNCTION = YES;
				GCC_WARN_UNUSED_VARIABLE = YES;
				IPHONEOS_DEPLOYMENT_TARGET = 16.1;
				MTL_ENABLE_DEBUG_INFO = NO;
				MTL_FAST_MATH = YES;
				SDKROOT = iphoneos;
				SWIFT_COMPILATION_MODE = wholemodule;
				SWIFT_OPTIMIZATION_LEVEL = "-O";
				VALIDATE_PRODUCT = YES;
			};
			name = Release;
		};
		08CB9E772A55AC08009643FD /* Debug */ = {
			isa = XCBuildConfiguration;
			buildSettings = {
				ASSETCATALOG_COMPILER_APPICON_NAME = AppIcon;
				ASSETCATALOG_COMPILER_GLOBAL_ACCENT_COLOR_NAME = AccentColor;
				CODE_SIGN_STYLE = Automatic;
				CURRENT_PROJECT_VERSION = 1;
				DEVELOPMENT_TEAM = MS2Y89435K;
				GENERATE_INFOPLIST_FILE = YES;
				INFOPLIST_FILE = USBaseDataSource/Info.plist;
				INFOPLIST_KEY_UIApplicationSupportsIndirectInputEvents = YES;
				INFOPLIST_KEY_UILaunchStoryboardName = LaunchScreen;
				INFOPLIST_KEY_UIMainStoryboardFile = Main;
				INFOPLIST_KEY_UISupportedInterfaceOrientations_iPad = "UIInterfaceOrientationPortrait UIInterfaceOrientationPortraitUpsideDown UIInterfaceOrientationLandscapeLeft UIInterfaceOrientationLandscapeRight";
				INFOPLIST_KEY_UISupportedInterfaceOrientations_iPhone = "UIInterfaceOrientationPortrait UIInterfaceOrientationLandscapeLeft UIInterfaceOrientationLandscapeRight";
				LD_RUNPATH_SEARCH_PATHS = (
					"$(inherited)",
					"@executable_path/Frameworks",
				);
				MARKETING_VERSION = 1.0;
				PRODUCT_BUNDLE_IDENTIFIER = com.younite.USBaseDataSource;
				PRODUCT_NAME = "$(TARGET_NAME)";
				SWIFT_EMIT_LOC_STRINGS = YES;
				SWIFT_VERSION = 5.0;
				TARGETED_DEVICE_FAMILY = "1,2";
			};
			name = Debug;
		};
		08CB9E782A55AC08009643FD /* Release */ = {
			isa = XCBuildConfiguration;
			buildSettings = {
				ASSETCATALOG_COMPILER_APPICON_NAME = AppIcon;
				ASSETCATALOG_COMPILER_GLOBAL_ACCENT_COLOR_NAME = AccentColor;
				CODE_SIGN_STYLE = Automatic;
				CURRENT_PROJECT_VERSION = 1;
				DEVELOPMENT_TEAM = MS2Y89435K;
				GENERATE_INFOPLIST_FILE = YES;
				INFOPLIST_FILE = USBaseDataSource/Info.plist;
				INFOPLIST_KEY_UIApplicationSupportsIndirectInputEvents = YES;
				INFOPLIST_KEY_UILaunchStoryboardName = LaunchScreen;
				INFOPLIST_KEY_UIMainStoryboardFile = Main;
				INFOPLIST_KEY_UISupportedInterfaceOrientations_iPad = "UIInterfaceOrientationPortrait UIInterfaceOrientationPortraitUpsideDown UIInterfaceOrientationLandscapeLeft UIInterfaceOrientationLandscapeRight";
				INFOPLIST_KEY_UISupportedInterfaceOrientations_iPhone = "UIInterfaceOrientationPortrait UIInterfaceOrientationLandscapeLeft UIInterfaceOrientationLandscapeRight";
				LD_RUNPATH_SEARCH_PATHS = (
					"$(inherited)",
					"@executable_path/Frameworks",
				);
				MARKETING_VERSION = 1.0;
				PRODUCT_BUNDLE_IDENTIFIER = com.younite.USBaseDataSource;
				PRODUCT_NAME = "$(TARGET_NAME)";
				SWIFT_EMIT_LOC_STRINGS = YES;
				SWIFT_VERSION = 5.0;
				TARGETED_DEVICE_FAMILY = "1,2";
			};
			name = Release;
		};
		08CB9E7A2A55AC08009643FD /* Debug */ = {
			isa = XCBuildConfiguration;
			buildSettings = {
				ALWAYS_EMBED_SWIFT_STANDARD_LIBRARIES = YES;
				BUNDLE_LOADER = "$(TEST_HOST)";
				CODE_SIGN_STYLE = Automatic;
				CURRENT_PROJECT_VERSION = 1;
				DEVELOPMENT_TEAM = MS2Y89435K;
				GENERATE_INFOPLIST_FILE = YES;
				IPHONEOS_DEPLOYMENT_TARGET = 16.1;
				MARKETING_VERSION = 1.0;
				PRODUCT_BUNDLE_IDENTIFIER = com.younite.USBaseDataSourceTests;
				PRODUCT_NAME = "$(TARGET_NAME)";
				SWIFT_EMIT_LOC_STRINGS = NO;
				SWIFT_VERSION = 5.0;
				TARGETED_DEVICE_FAMILY = "1,2";
				TEST_HOST = "$(BUILT_PRODUCTS_DIR)/USBaseDataSource.app/$(BUNDLE_EXECUTABLE_FOLDER_PATH)/USBaseDataSource";
			};
			name = Debug;
		};
		08CB9E7B2A55AC08009643FD /* Release */ = {
			isa = XCBuildConfiguration;
			buildSettings = {
				ALWAYS_EMBED_SWIFT_STANDARD_LIBRARIES = YES;
				BUNDLE_LOADER = "$(TEST_HOST)";
				CODE_SIGN_STYLE = Automatic;
				CURRENT_PROJECT_VERSION = 1;
				DEVELOPMENT_TEAM = MS2Y89435K;
				GENERATE_INFOPLIST_FILE = YES;
				IPHONEOS_DEPLOYMENT_TARGET = 16.1;
				MARKETING_VERSION = 1.0;
				PRODUCT_BUNDLE_IDENTIFIER = com.younite.USBaseDataSourceTests;
				PRODUCT_NAME = "$(TARGET_NAME)";
				SWIFT_EMIT_LOC_STRINGS = NO;
				SWIFT_VERSION = 5.0;
				TARGETED_DEVICE_FAMILY = "1,2";
				TEST_HOST = "$(BUILT_PRODUCTS_DIR)/USBaseDataSource.app/$(BUNDLE_EXECUTABLE_FOLDER_PATH)/USBaseDataSource";
			};
			name = Release;
		};
		08CB9E7D2A55AC08009643FD /* Debug */ = {
			isa = XCBuildConfiguration;
			buildSettings = {
				ALWAYS_EMBED_SWIFT_STANDARD_LIBRARIES = YES;
				CODE_SIGN_STYLE = Automatic;
				CURRENT_PROJECT_VERSION = 1;
				DEVELOPMENT_TEAM = MS2Y89435K;
				GENERATE_INFOPLIST_FILE = YES;
				MARKETING_VERSION = 1.0;
				PRODUCT_BUNDLE_IDENTIFIER = com.younite.USBaseDataSourceUITests;
				PRODUCT_NAME = "$(TARGET_NAME)";
				SWIFT_EMIT_LOC_STRINGS = NO;
				SWIFT_VERSION = 5.0;
				TARGETED_DEVICE_FAMILY = "1,2";
				TEST_TARGET_NAME = USBaseDataSource;
			};
			name = Debug;
		};
		08CB9E7E2A55AC08009643FD /* Release */ = {
			isa = XCBuildConfiguration;
			buildSettings = {
				ALWAYS_EMBED_SWIFT_STANDARD_LIBRARIES = YES;
				CODE_SIGN_STYLE = Automatic;
				CURRENT_PROJECT_VERSION = 1;
				DEVELOPMENT_TEAM = MS2Y89435K;
				GENERATE_INFOPLIST_FILE = YES;
				MARKETING_VERSION = 1.0;
				PRODUCT_BUNDLE_IDENTIFIER = com.younite.USBaseDataSourceUITests;
				PRODUCT_NAME = "$(TARGET_NAME)";
				SWIFT_EMIT_LOC_STRINGS = NO;
				SWIFT_VERSION = 5.0;
				TARGETED_DEVICE_FAMILY = "1,2";
				TEST_TARGET_NAME = USBaseDataSource;
			};
			name = Release;
		};
/* End XCBuildConfiguration section */

/* Begin XCConfigurationList section */
		08CB9E442A55AC04009643FD /* Build configuration list for PBXProject "USBaseDataSource" */ = {
			isa = XCConfigurationList;
			buildConfigurations = (
				08CB9E742A55AC08009643FD /* Debug */,
				08CB9E752A55AC08009643FD /* Release */,
			);
			defaultConfigurationIsVisible = 0;
			defaultConfigurationName = Release;
		};
		08CB9E762A55AC08009643FD /* Build configuration list for PBXNativeTarget "USBaseDataSource" */ = {
			isa = XCConfigurationList;
			buildConfigurations = (
				08CB9E772A55AC08009643FD /* Debug */,
				08CB9E782A55AC08009643FD /* Release */,
			);
			defaultConfigurationIsVisible = 0;
			defaultConfigurationName = Release;
		};
		08CB9E792A55AC08009643FD /* Build configuration list for PBXNativeTarget "USBaseDataSourceTests" */ = {
			isa = XCConfigurationList;
			buildConfigurations = (
				08CB9E7A2A55AC08009643FD /* Debug */,
				08CB9E7B2A55AC08009643FD /* Release */,
			);
			defaultConfigurationIsVisible = 0;
			defaultConfigurationName = Release;
		};
		08CB9E7C2A55AC08009643FD /* Build configuration list for PBXNativeTarget "USBaseDataSourceUITests" */ = {
			isa = XCConfigurationList;
			buildConfigurations = (
				08CB9E7D2A55AC08009643FD /* Debug */,
				08CB9E7E2A55AC08009643FD /* Release */,
			);
			defaultConfigurationIsVisible = 0;
			defaultConfigurationName = Release;
		};
/* End XCConfigurationList section */

/* Begin XCVersionGroup section */
		08CB9E552A55AC04009643FD /* USBaseDataSource.xcdatamodeld */ = {
			isa = XCVersionGroup;
			children = (
				08CB9E562A55AC04009643FD /* USBaseDataSource.xcdatamodel */,
			);
			currentVersion = 08CB9E562A55AC04009643FD /* USBaseDataSource.xcdatamodel */;
			path = USBaseDataSource.xcdatamodeld;
			sourceTree = "<group>";
			versionGroupType = wrapper.xcdatamodel;
		};
/* End XCVersionGroup section */
	};
	rootObject = 08CB9E412A55AC04009643FD /* Project object */;
}
